
Microsoft Visual Studio Solution File, Format Version 12.00
# Visual Studio Version 16
VisualStudioVersion = 16.0.30907.101
MinimumVisualStudioVersion = 10.0.40219.1
Project("{8BC9CEB8-8B4A-11D0-8D11-00A0C91BC942}") = "Lab-1", "Lab-1\Lab-1.vcxproj", "{24AAFFA7-4A5B-4F95-B487-E6CD52E1739A}"
EndProject
Global
	GlobalSection(SolutionConfigurationPlatforms) = preSolution
		Debug|x64 = Debug|x64
		Debug|x86 = Debug|x86
		PerformanceTesting|x64 = PerformanceTesting|x64
		PerformanceTesting|x86 = PerformanceTesting|x86
		Release|x64 = Release|x64
		Release|x86 = Release|x86
	EndGlobalSection
	GlobalSection(ProjectConfigurationPlatforms) = postSolution
		{24AAFFA7-4A5B-4F95-B487-E6CD52E1739A}.Debug|x64.ActiveCfg = Debug|x64
		{24AAFFA7-4A5B-4F95-B487-E6CD52E1739A}.Debug|x64.Build.0 = Debug|x64
		{24AAFFA7-4A5B-4F95-B487-E6CD52E1739A}.Debug|x86.ActiveCfg = Debug|Win32
		{24AAFFA7-4A5B-4F95-B487-E6CD52E1739A}.Debug|x86.Build.0 = Debug|Win32
		{24AAFFA7-4A5B-4F95-B487-E6CD52E1739A}.PerformanceTesting|x64.ActiveCfg = PerformanceTesting|x64
		{24AAFFA7-4A5B-4F95-B487-E6CD52E1739A}.PerformanceTesting|x64.Build.0 = PerformanceTesting|x64
		{24AAFFA7-4A5B-4F95-B487-E6CD52E1739A}.PerformanceTesting|x86.ActiveCfg = PerformanceTesting|Win32
		{24AAFFA7-4A5B-4F95-B487-E6CD52E1739A}.PerformanceTesting|x86.Build.0 = PerformanceTesting|Win32
		{24AAFFA7-4A5B-4F95-B487-E6CD52E1739A}.Release|x64.ActiveCfg = Release|x64
		{24AAFFA7-4A5B-4F95-B487-E6CD52E1739A}.Release|x64.Build.0 = Release|x64
		{24AAFFA7-4A5B-4F95-B487-E6CD52E1739A}.Release|x86.ActiveCfg = Release|Win32
		{24AAFFA7-4A5B-4F95-B487-E6CD52E1739A}.Release|x86.Build.0 = Release|Win32
	EndGlobalSection
	GlobalSection(SolutionProperties) = preSolution
		HideSolutionNode = FALSE
	EndGlobalSection
	GlobalSection(ExtensibilityGlobals) = postSolution
		SolutionGuid = {F4A1B34E-06BF-4E96-A8BF-9F100600987B}
	EndGlobalSection
EndGlobal
